
Microsoft Visual Studio Solution File, Format Version 12.00
# Visual Studio Version 16
VisualStudioVersion = 16.0.31624.102
MinimumVisualStudioVersion = 10.0.40219.1
Project("{FAE04EC0-301F-11D3-BF4B-00C04F79EFBC}") = "ClientView", "ClientView\ClientView.csproj", "{7DE4410D-3D44-44D6-8299-B103D8A2EA05}"
EndProject
Project("{FAE04EC0-301F-11D3-BF4B-00C04F79EFBC}") = "Resources", "Resources\Resources.csproj", "{AF2D110E-5F88-489E-9325-A4D997C8F34C}"
EndProject
Project("{9A19103F-16F7-4668-BE54-9A1E7A4F7556}") = "NetworkController", "NetworkController\NetworkController.csproj", "{68D2CF15-5785-4987-9578-0698C6848A05}"
EndProject
Project("{9A19103F-16F7-4668-BE54-9A1E7A4F7556}") = "Vector2D", "Vector2D\Vector2D.csproj", "{04EE3C8A-6DAE-49B9-ACC7-FCD7EF509C56}"
EndProject
Project("{9A19103F-16F7-4668-BE54-9A1E7A4F7556}") = "GameController", "GameController\GameController.csproj", "{466DFC78-585C-4152-B470-54EBEB47EC2D}"
EndProject
Project("{9A19103F-16F7-4668-BE54-9A1E7A4F7556}") = "WorldModel", "WorldModel\WorldModel.csproj", "{48BB3175-AACA-4924-8E11-92E4C222975C}"
EndProject
Project("{FAE04EC0-301F-11D3-BF4B-00C04F79EFBC}") = "Server", "Server\Server.csproj", "{86F5F183-276D-4472-B753-75B948A24D72}"
EndProject
Global
	GlobalSection(SolutionConfigurationPlatforms) = preSolution
		Debug|Any CPU = Debug|Any CPU
		Release|Any CPU = Release|Any CPU
	EndGlobalSection
	GlobalSection(ProjectConfigurationPlatforms) = postSolution
		{7DE4410D-3D44-44D6-8299-B103D8A2EA05}.Debug|Any CPU.ActiveCfg = Debug|Any CPU
		{7DE4410D-3D44-44D6-8299-B103D8A2EA05}.Debug|Any CPU.Build.0 = Debug|Any CPU
		{7DE4410D-3D44-44D6-8299-B103D8A2EA05}.Release|Any CPU.ActiveCfg = Release|Any CPU
		{7DE4410D-3D44-44D6-8299-B103D8A2EA05}.Release|Any CPU.Build.0 = Release|Any CPU
		{AF2D110E-5F88-489E-9325-A4D997C8F34C}.Debug|Any CPU.ActiveCfg = Debug|Any CPU
		{AF2D110E-5F88-489E-9325-A4D997C8F34C}.Release|Any CPU.ActiveCfg = Release|Any CPU
		{AF2D110E-5F88-489E-9325-A4D997C8F34C}.Release|Any CPU.Build.0 = Release|Any CPU
		{68D2CF15-5785-4987-9578-0698C6848A05}.Debug|Any CPU.ActiveCfg = Debug|Any CPU
		{68D2CF15-5785-4987-9578-0698C6848A05}.Debug|Any CPU.Build.0 = Debug|Any CPU
		{68D2CF15-5785-4987-9578-0698C6848A05}.Release|Any CPU.ActiveCfg = Release|Any CPU
		{68D2CF15-5785-4987-9578-0698C6848A05}.Release|Any CPU.Build.0 = Release|Any CPU
		{04EE3C8A-6DAE-49B9-ACC7-FCD7EF509C56}.Debug|Any CPU.ActiveCfg = Debug|Any CPU
		{04EE3C8A-6DAE-49B9-ACC7-FCD7EF509C56}.Debug|Any CPU.Build.0 = Debug|Any CPU
		{04EE3C8A-6DAE-49B9-ACC7-FCD7EF509C56}.Release|Any CPU.ActiveCfg = Release|Any CPU
		{04EE3C8A-6DAE-49B9-ACC7-FCD7EF509C56}.Release|Any CPU.Build.0 = Release|Any CPU
		{466DFC78-585C-4152-B470-54EBEB47EC2D}.Debug|Any CPU.ActiveCfg = Debug|Any CPU
		{466DFC78-585C-4152-B470-54EBEB47EC2D}.Debug|Any CPU.Build.0 = Debug|Any CPU
		{466DFC78-585C-4152-B470-54EBEB47EC2D}.Release|Any CPU.ActiveCfg = Release|Any CPU
		{466DFC78-585C-4152-B470-54EBEB47EC2D}.Release|Any CPU.Build.0 = Release|Any CPU
		{48BB3175-AACA-4924-8E11-92E4C222975C}.Debug|Any CPU.ActiveCfg = Debug|Any CPU
		{48BB3175-AACA-4924-8E11-92E4C222975C}.Debug|Any CPU.Build.0 = Debug|Any CPU
		{48BB3175-AACA-4924-8E11-92E4C222975C}.Release|Any CPU.ActiveCfg = Release|Any CPU
		{48BB3175-AACA-4924-8E11-92E4C222975C}.Release|Any CPU.Build.0 = Release|Any CPU
		{86F5F183-276D-4472-B753-75B948A24D72}.Debug|Any CPU.ActiveCfg = Debug|Any CPU
		{86F5F183-276D-4472-B753-75B948A24D72}.Debug|Any CPU.Build.0 = Debug|Any CPU
		{86F5F183-276D-4472-B753-75B948A24D72}.Release|Any CPU.ActiveCfg = Release|Any CPU
		{86F5F183-276D-4472-B753-75B948A24D72}.Release|Any CPU.Build.0 = Release|Any CPU
	EndGlobalSection
	GlobalSection(SolutionProperties) = preSolution
		HideSolutionNode = FALSE
	EndGlobalSection
	GlobalSection(ExtensibilityGlobals) = postSolution
		SolutionGuid = {947AD3F4-B468-4BBB-B203-AAC7B9C187BD}
	EndGlobalSection
EndGlobal
